
Microsoft Visual Studio Solution File, Format Version 12.00
# Visual Studio Version 17
VisualStudioVersion = 17.0.32112.339
MinimumVisualStudioVersion = 10.0.40219.1
Project("{9A19103F-16F7-4668-BE54-9A1E7A4F7556}") = "First_Task_Employee", "First_Task\First_Task_Employee.csproj", "{68B80A1D-616B-4349-8195-06E871B95D22}"
EndProject
Project("{9A19103F-16F7-4668-BE54-9A1E7A4F7556}") = "Posts", "Posts\Posts.csproj", "{FB288DED-C6B7-4681-820A-88A4D05B9E9B}"
EndProject
Project("{9A19103F-16F7-4668-BE54-9A1E7A4F7556}") = "Inheritance and Polymorphism", "Inheritance and Polymorphism\Inheritance and Polymorphism.csproj", "{0C3BD6A9-CBC6-46E8-A23C-D5DAB5AB8F72}"
EndProject
Project("{9A19103F-16F7-4668-BE54-9A1E7A4F7556}") = "Upcasting_Downcasting_Overlap_IS_AS_Base", "Upcasting_Downcasting\Upcasting_Downcasting_Overlap_IS_AS_Base.csproj", "{2100C5A9-57EA-41C6-B506-93926A9A974D}"
EndProject
Project("{9A19103F-16F7-4668-BE54-9A1E7A4F7556}") = "Inheritance_Exercises", "Inheritance_Exercises\Inheritance_Exercises.csproj", "{8963FB76-1639-42D6-AE82-6415BB39A265}"
EndProject
Project("{9A19103F-16F7-4668-BE54-9A1E7A4F7556}") = "Exercise_Products", "Exercise_Products\Exercise_Products.csproj", "{1E9FFDEA-B981-4E16-BCBC-8800188B5DFF}"
EndProject
Project("{9A19103F-16F7-4668-BE54-9A1E7A4F7556}") = "Abstract_Class_N_Methods", "Abstract_Class_N_Methods\Abstract_Class_N_Methods.csproj", "{C6850D80-4D90-4E66-B376-178EE2B20A77}"
EndProject
Project("{9A19103F-16F7-4668-BE54-9A1E7A4F7556}") = "Exceptions", "Exceptions\Exceptions.csproj", "{FDD2669B-037D-4455-BD32-425CEFD025D6}"
EndProject
Project("{9A19103F-16F7-4668-BE54-9A1E7A4F7556}") = "ExceptionHandling_Training", "ExceptionHandling_Training\ExceptionHandling_Training.csproj", "{35957A59-71AE-4E3D-AA10-6C769FD7F386}"
EndProject
Project("{9A19103F-16F7-4668-BE54-9A1E7A4F7556}") = "SolvingAProblem_Exception", "SolvingAProblem_Exception\SolvingAProblem_Exception.csproj", "{B79ACB85-2E83-4CFC-8584-B4FE27CB2396}"
EndProject
Project("{9A19103F-16F7-4668-BE54-9A1E7A4F7556}") = "WorkingWithFILES", "WorkingWithFILES\WorkingWithFILES.csproj", "{391E7D38-9729-4CC2-875E-1A686D14D866}"
EndProject
Project("{9A19103F-16F7-4668-BE54-9A1E7A4F7556}") = "FileStream_StreamReader", "FileStream_StreamReader\FileStream_StreamReader.csproj", "{CA97D10A-DF7C-4EE2-88D2-BDC6F0222380}"
EndProject
Project("{9A19103F-16F7-4668-BE54-9A1E7A4F7556}") = "USINGBlock", "USINGBlock\USINGBlock.csproj", "{845710E9-2DC0-4664-9FCE-2540B7B7608A}"
EndProject
Project("{9A19103F-16F7-4668-BE54-9A1E7A4F7556}") = "StreamWriter", "StreamWriter\StreamWriter.csproj", "{03185A26-9AFD-43C8-8859-076E070DA508}"
EndProject
Project("{9A19103F-16F7-4668-BE54-9A1E7A4F7556}") = "Directory_DirectoryInfo", "Directory_DirectoryInfo\Directory_DirectoryInfo.csproj", "{BA325603-8E60-48CE-9CC2-EA0EC2089E30}"
EndProject
Project("{9A19103F-16F7-4668-BE54-9A1E7A4F7556}") = "Paths", "Paths\Paths.csproj", "{C939C2AC-1D6C-429B-B20D-D95902C5B9D3}"
EndProject
Project("{9A19103F-16F7-4668-BE54-9A1E7A4F7556}") = "Exercises_CSV", "Exercises_CSV\Exercises_CSV.csproj", "{248D54CA-B99B-4065-A4D6-CA6875884292}"
EndProject
Project("{9A19103F-16F7-4668-BE54-9A1E7A4F7556}") = "INTERFACES__Solution_With_Interface", "Interfaces\INTERFACES__Solution_With_Interface.csproj", "{F6519914-5AEC-414B-8FFC-4693E04418ED}"
EndProject
Project("{9A19103F-16F7-4668-BE54-9A1E7A4F7556}") = "FixationExercise_Interface", "FixationExercise_Interface\FixationExercise_Interface.csproj", "{DF644B4E-D607-4A0E-98BD-454337EB2E63}"
EndProject
Project("{9A19103F-16F7-4668-BE54-9A1E7A4F7556}") = "Interface_IComparable", "IComparable\Interface_IComparable.csproj", "{A69A2798-65F2-465A-BA13-18364A49C694}"
EndProject
Global
	GlobalSection(SolutionConfigurationPlatforms) = preSolution
		Debug|Any CPU = Debug|Any CPU
		Release|Any CPU = Release|Any CPU
	EndGlobalSection
	GlobalSection(ProjectConfigurationPlatforms) = postSolution
		{68B80A1D-616B-4349-8195-06E871B95D22}.Debug|Any CPU.ActiveCfg = Debug|Any CPU
		{68B80A1D-616B-4349-8195-06E871B95D22}.Debug|Any CPU.Build.0 = Debug|Any CPU
		{68B80A1D-616B-4349-8195-06E871B95D22}.Release|Any CPU.ActiveCfg = Release|Any CPU
		{68B80A1D-616B-4349-8195-06E871B95D22}.Release|Any CPU.Build.0 = Release|Any CPU
		{FB288DED-C6B7-4681-820A-88A4D05B9E9B}.Debug|Any CPU.ActiveCfg = Debug|Any CPU
		{FB288DED-C6B7-4681-820A-88A4D05B9E9B}.Debug|Any CPU.Build.0 = Debug|Any CPU
		{FB288DED-C6B7-4681-820A-88A4D05B9E9B}.Release|Any CPU.ActiveCfg = Release|Any CPU
		{FB288DED-C6B7-4681-820A-88A4D05B9E9B}.Release|Any CPU.Build.0 = Release|Any CPU
		{0C3BD6A9-CBC6-46E8-A23C-D5DAB5AB8F72}.Debug|Any CPU.ActiveCfg = Debug|Any CPU
		{0C3BD6A9-CBC6-46E8-A23C-D5DAB5AB8F72}.Debug|Any CPU.Build.0 = Debug|Any CPU
		{0C3BD6A9-CBC6-46E8-A23C-D5DAB5AB8F72}.Release|Any CPU.ActiveCfg = Release|Any CPU
		{0C3BD6A9-CBC6-46E8-A23C-D5DAB5AB8F72}.Release|Any CPU.Build.0 = Release|Any CPU
		{2100C5A9-57EA-41C6-B506-93926A9A974D}.Debug|Any CPU.ActiveCfg = Debug|Any CPU
		{2100C5A9-57EA-41C6-B506-93926A9A974D}.Debug|Any CPU.Build.0 = Debug|Any CPU
		{2100C5A9-57EA-41C6-B506-93926A9A974D}.Release|Any CPU.ActiveCfg = Release|Any CPU
		{2100C5A9-57EA-41C6-B506-93926A9A974D}.Release|Any CPU.Build.0 = Release|Any CPU
		{8963FB76-1639-42D6-AE82-6415BB39A265}.Debug|Any CPU.ActiveCfg = Debug|Any CPU
		{8963FB76-1639-42D6-AE82-6415BB39A265}.Debug|Any CPU.Build.0 = Debug|Any CPU
		{8963FB76-1639-42D6-AE82-6415BB39A265}.Release|Any CPU.ActiveCfg = Release|Any CPU
		{8963FB76-1639-42D6-AE82-6415BB39A265}.Release|Any CPU.Build.0 = Release|Any CPU
		{1E9FFDEA-B981-4E16-BCBC-8800188B5DFF}.Debug|Any CPU.ActiveCfg = Debug|Any CPU
		{1E9FFDEA-B981-4E16-BCBC-8800188B5DFF}.Debug|Any CPU.Build.0 = Debug|Any CPU
		{1E9FFDEA-B981-4E16-BCBC-8800188B5DFF}.Release|Any CPU.ActiveCfg = Release|Any CPU
		{1E9FFDEA-B981-4E16-BCBC-8800188B5DFF}.Release|Any CPU.Build.0 = Release|Any CPU
		{C6850D80-4D90-4E66-B376-178EE2B20A77}.Debug|Any CPU.ActiveCfg = Debug|Any CPU
		{C6850D80-4D90-4E66-B376-178EE2B20A77}.Debug|Any CPU.Build.0 = Debug|Any CPU
		{C6850D80-4D90-4E66-B376-178EE2B20A77}.Release|Any CPU.ActiveCfg = Release|Any CPU
		{C6850D80-4D90-4E66-B376-178EE2B20A77}.Release|Any CPU.Build.0 = Release|Any CPU
		{FDD2669B-037D-4455-BD32-425CEFD025D6}.Debug|Any CPU.ActiveCfg = Debug|Any CPU
		{FDD2669B-037D-4455-BD32-425CEFD025D6}.Debug|Any CPU.Build.0 = Debug|Any CPU
		{FDD2669B-037D-4455-BD32-425CEFD025D6}.Release|Any CPU.ActiveCfg = Release|Any CPU
		{FDD2669B-037D-4455-BD32-425CEFD025D6}.Release|Any CPU.Build.0 = Release|Any CPU
		{35957A59-71AE-4E3D-AA10-6C769FD7F386}.Debug|Any CPU.ActiveCfg = Debug|Any CPU
		{35957A59-71AE-4E3D-AA10-6C769FD7F386}.Debug|Any CPU.Build.0 = Debug|Any CPU
		{35957A59-71AE-4E3D-AA10-6C769FD7F386}.Release|Any CPU.ActiveCfg = Release|Any CPU
		{35957A59-71AE-4E3D-AA10-6C769FD7F386}.Release|Any CPU.Build.0 = Release|Any CPU
		{B79ACB85-2E83-4CFC-8584-B4FE27CB2396}.Debug|Any CPU.ActiveCfg = Debug|Any CPU
		{B79ACB85-2E83-4CFC-8584-B4FE27CB2396}.Debug|Any CPU.Build.0 = Debug|Any CPU
		{B79ACB85-2E83-4CFC-8584-B4FE27CB2396}.Release|Any CPU.ActiveCfg = Release|Any CPU
		{B79ACB85-2E83-4CFC-8584-B4FE27CB2396}.Release|Any CPU.Build.0 = Release|Any CPU
		{391E7D38-9729-4CC2-875E-1A686D14D866}.Debug|Any CPU.ActiveCfg = Debug|Any CPU
		{391E7D38-9729-4CC2-875E-1A686D14D866}.Debug|Any CPU.Build.0 = Debug|Any CPU
		{391E7D38-9729-4CC2-875E-1A686D14D866}.Release|Any CPU.ActiveCfg = Release|Any CPU
		{391E7D38-9729-4CC2-875E-1A686D14D866}.Release|Any CPU.Build.0 = Release|Any CPU
		{CA97D10A-DF7C-4EE2-88D2-BDC6F0222380}.Debug|Any CPU.ActiveCfg = Debug|Any CPU
		{CA97D10A-DF7C-4EE2-88D2-BDC6F0222380}.Debug|Any CPU.Build.0 = Debug|Any CPU
		{CA97D10A-DF7C-4EE2-88D2-BDC6F0222380}.Release|Any CPU.ActiveCfg = Release|Any CPU
		{CA97D10A-DF7C-4EE2-88D2-BDC6F0222380}.Release|Any CPU.Build.0 = Release|Any CPU
		{845710E9-2DC0-4664-9FCE-2540B7B7608A}.Debug|Any CPU.ActiveCfg = Debug|Any CPU
		{845710E9-2DC0-4664-9FCE-2540B7B7608A}.Debug|Any CPU.Build.0 = Debug|Any CPU
		{845710E9-2DC0-4664-9FCE-2540B7B7608A}.Release|Any CPU.ActiveCfg = Release|Any CPU
		{845710E9-2DC0-4664-9FCE-2540B7B7608A}.Release|Any CPU.Build.0 = Release|Any CPU
		{03185A26-9AFD-43C8-8859-076E070DA508}.Debug|Any CPU.ActiveCfg = Debug|Any CPU
		{03185A26-9AFD-43C8-8859-076E070DA508}.Debug|Any CPU.Build.0 = Debug|Any CPU
		{03185A26-9AFD-43C8-8859-076E070DA508}.Release|Any CPU.ActiveCfg = Release|Any CPU
		{03185A26-9AFD-43C8-8859-076E070DA508}.Release|Any CPU.Build.0 = Release|Any CPU
		{BA325603-8E60-48CE-9CC2-EA0EC2089E30}.Debug|Any CPU.ActiveCfg = Debug|Any CPU
		{BA325603-8E60-48CE-9CC2-EA0EC2089E30}.Debug|Any CPU.Build.0 = Debug|Any CPU
		{BA325603-8E60-48CE-9CC2-EA0EC2089E30}.Release|Any CPU.ActiveCfg = Release|Any CPU
		{BA325603-8E60-48CE-9CC2-EA0EC2089E30}.Release|Any CPU.Build.0 = Release|Any CPU
		{C939C2AC-1D6C-429B-B20D-D95902C5B9D3}.Debug|Any CPU.ActiveCfg = Debug|Any CPU
		{C939C2AC-1D6C-429B-B20D-D95902C5B9D3}.Debug|Any CPU.Build.0 = Debug|Any CPU
		{C939C2AC-1D6C-429B-B20D-D95902C5B9D3}.Release|Any CPU.ActiveCfg = Release|Any CPU
		{C939C2AC-1D6C-429B-B20D-D95902C5B9D3}.Release|Any CPU.Build.0 = Release|Any CPU
		{248D54CA-B99B-4065-A4D6-CA6875884292}.Debug|Any CPU.ActiveCfg = Debug|Any CPU
		{248D54CA-B99B-4065-A4D6-CA6875884292}.Debug|Any CPU.Build.0 = Debug|Any CPU
		{248D54CA-B99B-4065-A4D6-CA6875884292}.Release|Any CPU.ActiveCfg = Release|Any CPU
		{248D54CA-B99B-4065-A4D6-CA6875884292}.Release|Any CPU.Build.0 = Release|Any CPU
		{F6519914-5AEC-414B-8FFC-4693E04418ED}.Debug|Any CPU.ActiveCfg = Debug|Any CPU
		{F6519914-5AEC-414B-8FFC-4693E04418ED}.Debug|Any CPU.Build.0 = Debug|Any CPU
		{F6519914-5AEC-414B-8FFC-4693E04418ED}.Release|Any CPU.ActiveCfg = Release|Any CPU
		{F6519914-5AEC-414B-8FFC-4693E04418ED}.Release|Any CPU.Build.0 = Release|Any CPU
		{DF644B4E-D607-4A0E-98BD-454337EB2E63}.Debug|Any CPU.ActiveCfg = Debug|Any CPU
		{DF644B4E-D607-4A0E-98BD-454337EB2E63}.Debug|Any CPU.Build.0 = Debug|Any CPU
		{DF644B4E-D607-4A0E-98BD-454337EB2E63}.Release|Any CPU.ActiveCfg = Release|Any CPU
		{DF644B4E-D607-4A0E-98BD-454337EB2E63}.Release|Any CPU.Build.0 = Release|Any CPU
		{A69A2798-65F2-465A-BA13-18364A49C694}.Debug|Any CPU.ActiveCfg = Debug|Any CPU
		{A69A2798-65F2-465A-BA13-18364A49C694}.Debug|Any CPU.Build.0 = Debug|Any CPU
		{A69A2798-65F2-465A-BA13-18364A49C694}.Release|Any CPU.ActiveCfg = Release|Any CPU
		{A69A2798-65F2-465A-BA13-18364A49C694}.Release|Any CPU.Build.0 = Release|Any CPU
	EndGlobalSection
	GlobalSection(SolutionProperties) = preSolution
		HideSolutionNode = FALSE
	EndGlobalSection
	GlobalSection(ExtensibilityGlobals) = postSolution
		SolutionGuid = {D6C26FDE-95AE-4A87-9B66-7D19D8418C85}
	EndGlobalSection
EndGlobal
