
Microsoft Visual Studio Solution File, Format Version 12.00
# Visual Studio Version 17
VisualStudioVersion = 17.0.32112.339
MinimumVisualStudioVersion = 10.0.40219.1
Project("{9A19103F-16F7-4668-BE54-9A1E7A4F7556}") = "First_Task_Employee", "First_Task\First_Task_Employee.csproj", "{68B80A1D-616B-4349-8195-06E871B95D22}"
EndProject
Project("{9A19103F-16F7-4668-BE54-9A1E7A4F7556}") = "Posts", "Posts\Posts.csproj", "{FB288DED-C6B7-4681-820A-88A4D05B9E9B}"
EndProject
Project("{9A19103F-16F7-4668-BE54-9A1E7A4F7556}") = "Inheritance and Polymorphism", "Inheritance and Polymorphism\Inheritance and Polymorphism.csproj", "{0C3BD6A9-CBC6-46E8-A23C-D5DAB5AB8F72}"
EndProject
Project("{9A19103F-16F7-4668-BE54-9A1E7A4F7556}") = "Upcasting_Downcasting_Overlap_IS_AS_Base", "Upcasting_Downcasting\Upcasting_Downcasting_Overlap_IS_AS_Base.csproj", "{2100C5A9-57EA-41C6-B506-93926A9A974D}"
EndProject
Project("{9A19103F-16F7-4668-BE54-9A1E7A4F7556}") = "Inheritance_Exercises", "Inheritance_Exercises\Inheritance_Exercises.csproj", "{8963FB76-1639-42D6-AE82-6415BB39A265}"
EndProject
Project("{9A19103F-16F7-4668-BE54-9A1E7A4F7556}") = "Exercise_Products", "Exercise_Products\Exercise_Products.csproj", "{1E9FFDEA-B981-4E16-BCBC-8800188B5DFF}"
EndProject
Project("{9A19103F-16F7-4668-BE54-9A1E7A4F7556}") = "Abstract_Class_N_Methods", "Abstract_Class_N_Methods\Abstract_Class_N_Methods.csproj", "{C6850D80-4D90-4E66-B376-178EE2B20A77}"
EndProject
Project("{FAE04EC0-301F-11D3-BF4B-00C04F79EFBC}") = "Exceptions", "Exceptions\Exceptions.csproj", "{FDD2669B-037D-4455-BD32-425CEFD025D6}"
EndProject
Project("{FAE04EC0-301F-11D3-BF4B-00C04F79EFBC}") = "ExceptionHandling_Training", "ExceptionHandling_Training\ExceptionHandling_Training.csproj", "{35957A59-71AE-4E3D-AA10-6C769FD7F386}"
EndProject
Project("{FAE04EC0-301F-11D3-BF4B-00C04F79EFBC}") = "SolvingAProblem_Exception", "SolvingAProblem_Exception\SolvingAProblem_Exception.csproj", "{B79ACB85-2E83-4CFC-8584-B4FE27CB2396}"
EndProject
Global
	GlobalSection(SolutionConfigurationPlatforms) = preSolution
		Debug|Any CPU = Debug|Any CPU
		Release|Any CPU = Release|Any CPU
	EndGlobalSection
	GlobalSection(ProjectConfigurationPlatforms) = postSolution
		{68B80A1D-616B-4349-8195-06E871B95D22}.Debug|Any CPU.ActiveCfg = Debug|Any CPU
		{68B80A1D-616B-4349-8195-06E871B95D22}.Debug|Any CPU.Build.0 = Debug|Any CPU
		{68B80A1D-616B-4349-8195-06E871B95D22}.Release|Any CPU.ActiveCfg = Release|Any CPU
		{68B80A1D-616B-4349-8195-06E871B95D22}.Release|Any CPU.Build.0 = Release|Any CPU
		{FB288DED-C6B7-4681-820A-88A4D05B9E9B}.Debug|Any CPU.ActiveCfg = Debug|Any CPU
		{FB288DED-C6B7-4681-820A-88A4D05B9E9B}.Debug|Any CPU.Build.0 = Debug|Any CPU
		{FB288DED-C6B7-4681-820A-88A4D05B9E9B}.Release|Any CPU.ActiveCfg = Release|Any CPU
		{FB288DED-C6B7-4681-820A-88A4D05B9E9B}.Release|Any CPU.Build.0 = Release|Any CPU
		{0C3BD6A9-CBC6-46E8-A23C-D5DAB5AB8F72}.Debug|Any CPU.ActiveCfg = Debug|Any CPU
		{0C3BD6A9-CBC6-46E8-A23C-D5DAB5AB8F72}.Debug|Any CPU.Build.0 = Debug|Any CPU
		{0C3BD6A9-CBC6-46E8-A23C-D5DAB5AB8F72}.Release|Any CPU.ActiveCfg = Release|Any CPU
		{0C3BD6A9-CBC6-46E8-A23C-D5DAB5AB8F72}.Release|Any CPU.Build.0 = Release|Any CPU
		{2100C5A9-57EA-41C6-B506-93926A9A974D}.Debug|Any CPU.ActiveCfg = Debug|Any CPU
		{2100C5A9-57EA-41C6-B506-93926A9A974D}.Debug|Any CPU.Build.0 = Debug|Any CPU
		{2100C5A9-57EA-41C6-B506-93926A9A974D}.Release|Any CPU.ActiveCfg = Release|Any CPU
		{2100C5A9-57EA-41C6-B506-93926A9A974D}.Release|Any CPU.Build.0 = Release|Any CPU
		{8963FB76-1639-42D6-AE82-6415BB39A265}.Debug|Any CPU.ActiveCfg = Debug|Any CPU
		{8963FB76-1639-42D6-AE82-6415BB39A265}.Debug|Any CPU.Build.0 = Debug|Any CPU
		{8963FB76-1639-42D6-AE82-6415BB39A265}.Release|Any CPU.ActiveCfg = Release|Any CPU
		{8963FB76-1639-42D6-AE82-6415BB39A265}.Release|Any CPU.Build.0 = Release|Any CPU
		{1E9FFDEA-B981-4E16-BCBC-8800188B5DFF}.Debug|Any CPU.ActiveCfg = Debug|Any CPU
		{1E9FFDEA-B981-4E16-BCBC-8800188B5DFF}.Debug|Any CPU.Build.0 = Debug|Any CPU
		{1E9FFDEA-B981-4E16-BCBC-8800188B5DFF}.Release|Any CPU.ActiveCfg = Release|Any CPU
		{1E9FFDEA-B981-4E16-BCBC-8800188B5DFF}.Release|Any CPU.Build.0 = Release|Any CPU
		{C6850D80-4D90-4E66-B376-178EE2B20A77}.Debug|Any CPU.ActiveCfg = Debug|Any CPU
		{C6850D80-4D90-4E66-B376-178EE2B20A77}.Debug|Any CPU.Build.0 = Debug|Any CPU
		{C6850D80-4D90-4E66-B376-178EE2B20A77}.Release|Any CPU.ActiveCfg = Release|Any CPU
		{C6850D80-4D90-4E66-B376-178EE2B20A77}.Release|Any CPU.Build.0 = Release|Any CPU
		{FDD2669B-037D-4455-BD32-425CEFD025D6}.Debug|Any CPU.ActiveCfg = Debug|Any CPU
		{FDD2669B-037D-4455-BD32-425CEFD025D6}.Debug|Any CPU.Build.0 = Debug|Any CPU
		{FDD2669B-037D-4455-BD32-425CEFD025D6}.Release|Any CPU.ActiveCfg = Release|Any CPU
		{FDD2669B-037D-4455-BD32-425CEFD025D6}.Release|Any CPU.Build.0 = Release|Any CPU
		{35957A59-71AE-4E3D-AA10-6C769FD7F386}.Debug|Any CPU.ActiveCfg = Debug|Any CPU
		{35957A59-71AE-4E3D-AA10-6C769FD7F386}.Debug|Any CPU.Build.0 = Debug|Any CPU
		{35957A59-71AE-4E3D-AA10-6C769FD7F386}.Release|Any CPU.ActiveCfg = Release|Any CPU
		{35957A59-71AE-4E3D-AA10-6C769FD7F386}.Release|Any CPU.Build.0 = Release|Any CPU
		{B79ACB85-2E83-4CFC-8584-B4FE27CB2396}.Debug|Any CPU.ActiveCfg = Debug|Any CPU
		{B79ACB85-2E83-4CFC-8584-B4FE27CB2396}.Debug|Any CPU.Build.0 = Debug|Any CPU
		{B79ACB85-2E83-4CFC-8584-B4FE27CB2396}.Release|Any CPU.ActiveCfg = Release|Any CPU
		{B79ACB85-2E83-4CFC-8584-B4FE27CB2396}.Release|Any CPU.Build.0 = Release|Any CPU
	EndGlobalSection
	GlobalSection(SolutionProperties) = preSolution
		HideSolutionNode = FALSE
	EndGlobalSection
	GlobalSection(ExtensibilityGlobals) = postSolution
		SolutionGuid = {D6C26FDE-95AE-4A87-9B66-7D19D8418C85}
	EndGlobalSection
EndGlobal
