
Microsoft Visual Studio Solution File, Format Version 12.00
# Visual Studio Version 17
VisualStudioVersion = 17.0.32112.339
MinimumVisualStudioVersion = 10.0.40219.1
Project("{9A19103F-16F7-4668-BE54-9A1E7A4F7556}") = "First_Task_Employee", "First_Task\First_Task_Employee.csproj", "{68B80A1D-616B-4349-8195-06E871B95D22}"
EndProject
Project("{9A19103F-16F7-4668-BE54-9A1E7A4F7556}") = "Posts", "Posts\Posts.csproj", "{FB288DED-C6B7-4681-820A-88A4D05B9E9B}"
EndProject
Global
	GlobalSection(SolutionConfigurationPlatforms) = preSolution
		Debug|Any CPU = Debug|Any CPU
		Release|Any CPU = Release|Any CPU
	EndGlobalSection
	GlobalSection(ProjectConfigurationPlatforms) = postSolution
		{68B80A1D-616B-4349-8195-06E871B95D22}.Debug|Any CPU.ActiveCfg = Debug|Any CPU
		{68B80A1D-616B-4349-8195-06E871B95D22}.Debug|Any CPU.Build.0 = Debug|Any CPU
		{68B80A1D-616B-4349-8195-06E871B95D22}.Release|Any CPU.ActiveCfg = Release|Any CPU
		{68B80A1D-616B-4349-8195-06E871B95D22}.Release|Any CPU.Build.0 = Release|Any CPU
		{FB288DED-C6B7-4681-820A-88A4D05B9E9B}.Debug|Any CPU.ActiveCfg = Debug|Any CPU
		{FB288DED-C6B7-4681-820A-88A4D05B9E9B}.Debug|Any CPU.Build.0 = Debug|Any CPU
		{FB288DED-C6B7-4681-820A-88A4D05B9E9B}.Release|Any CPU.ActiveCfg = Release|Any CPU
		{FB288DED-C6B7-4681-820A-88A4D05B9E9B}.Release|Any CPU.Build.0 = Release|Any CPU
	EndGlobalSection
	GlobalSection(SolutionProperties) = preSolution
		HideSolutionNode = FALSE
	EndGlobalSection
	GlobalSection(ExtensibilityGlobals) = postSolution
		SolutionGuid = {D6C26FDE-95AE-4A87-9B66-7D19D8418C85}
	EndGlobalSection
EndGlobal
